
Microsoft Visual Studio Solution File, Format Version 12.00
# Visual Studio Version 17
VisualStudioVersion = 17.9.34728.123
MinimumVisualStudioVersion = 10.0.40219.1
Project("{9A19103F-16F7-4668-BE54-9A1E7A4F7556}") = "MatchMaker.Comun", "MatchMaker.Comun\MatchMaker.Comun.csproj", "{BD6AE227-8A50-428A-9EA1-D8EFAFC5F87B}"
EndProject
Project("{9A19103F-16F7-4668-BE54-9A1E7A4F7556}") = "MatchMaker.Desktop", "MatchMaker.Desktop\MatchMaker.Desktop.csproj", "{833BAC41-A7D4-48B9-8764-0E70AC86E5EB}"
EndProject
Project("{FAE04EC0-301F-11D3-BF4B-00C04F79EFBC}") = "MatchMaker.TVShow", "MatchMaker.TVShow\MatchMaker.TVShow.csproj", "{3ADE20E3-9F6D-4ACD-8562-A0DBEAD24343}"
EndProject
Global
	GlobalSection(SolutionConfigurationPlatforms) = preSolution
		Debug|Any CPU = Debug|Any CPU
		Release|Any CPU = Release|Any CPU
	EndGlobalSection
	GlobalSection(ProjectConfigurationPlatforms) = postSolution
		{BD6AE227-8A50-428A-9EA1-D8EFAFC5F87B}.Debug|Any CPU.ActiveCfg = Debug|Any CPU
		{BD6AE227-8A50-428A-9EA1-D8EFAFC5F87B}.Debug|Any CPU.Build.0 = Debug|Any CPU
		{BD6AE227-8A50-428A-9EA1-D8EFAFC5F87B}.Release|Any CPU.ActiveCfg = Release|Any CPU
		{BD6AE227-8A50-428A-9EA1-D8EFAFC5F87B}.Release|Any CPU.Build.0 = Release|Any CPU
		{833BAC41-A7D4-48B9-8764-0E70AC86E5EB}.Debug|Any CPU.ActiveCfg = Debug|Any CPU
		{833BAC41-A7D4-48B9-8764-0E70AC86E5EB}.Debug|Any CPU.Build.0 = Debug|Any CPU
		{833BAC41-A7D4-48B9-8764-0E70AC86E5EB}.Release|Any CPU.ActiveCfg = Release|Any CPU
		{833BAC41-A7D4-48B9-8764-0E70AC86E5EB}.Release|Any CPU.Build.0 = Release|Any CPU
		{3ADE20E3-9F6D-4ACD-8562-A0DBEAD24343}.Debug|Any CPU.ActiveCfg = Debug|Any CPU
		{3ADE20E3-9F6D-4ACD-8562-A0DBEAD24343}.Debug|Any CPU.Build.0 = Debug|Any CPU
		{3ADE20E3-9F6D-4ACD-8562-A0DBEAD24343}.Release|Any CPU.ActiveCfg = Release|Any CPU
		{3ADE20E3-9F6D-4ACD-8562-A0DBEAD24343}.Release|Any CPU.Build.0 = Release|Any CPU
	EndGlobalSection
	GlobalSection(SolutionProperties) = preSolution
		HideSolutionNode = FALSE
	EndGlobalSection
	GlobalSection(ExtensibilityGlobals) = postSolution
		SolutionGuid = {86850E91-D2B6-4210-85EC-8F682134889B}
	EndGlobalSection
EndGlobal
